
Microsoft Visual Studio Solution File, Format Version 12.00
# Visual Studio Version 17
VisualStudioVersion = 17.2.32519.379
MinimumVisualStudioVersion = 10.0.40219.1
Project("{11A8DD76-328B-46DF-9F39-F559912D0360}") = "nanoFramework.MagicBit", "nanoFramework.MagicBit\nanoFramework.MagicBit.nfproj", "{08E6B7CB-17CC-46EB-8CC6-9C8235CBF0FF}"
EndProject
Project("{11A8DD76-328B-46DF-9F39-F559912D0360}") = "MagicBitTestApp", "Tests\MagicBitTestApp\MagicBitTestApp.nfproj", "{D59C613D-952B-44D7-A344-BB3CEE3E41F9}"
EndProject
Global
	GlobalSection(SolutionConfigurationPlatforms) = preSolution
		Debug|Any CPU = Debug|Any CPU
		Release|Any CPU = Release|Any CPU
	EndGlobalSection
	GlobalSection(ProjectConfigurationPlatforms) = postSolution
		{08E6B7CB-17CC-46EB-8CC6-9C8235CBF0FF}.Debug|Any CPU.ActiveCfg = Debug|Any CPU
		{08E6B7CB-17CC-46EB-8CC6-9C8235CBF0FF}.Debug|Any CPU.Build.0 = Debug|Any CPU
		{08E6B7CB-17CC-46EB-8CC6-9C8235CBF0FF}.Debug|Any CPU.Deploy.0 = Debug|Any CPU
		{08E6B7CB-17CC-46EB-8CC6-9C8235CBF0FF}.Release|Any CPU.ActiveCfg = Release|Any CPU
		{08E6B7CB-17CC-46EB-8CC6-9C8235CBF0FF}.Release|Any CPU.Build.0 = Release|Any CPU
		{08E6B7CB-17CC-46EB-8CC6-9C8235CBF0FF}.Release|Any CPU.Deploy.0 = Release|Any CPU
		{D59C613D-952B-44D7-A344-BB3CEE3E41F9}.Debug|Any CPU.ActiveCfg = Debug|Any CPU
		{D59C613D-952B-44D7-A344-BB3CEE3E41F9}.Debug|Any CPU.Build.0 = Debug|Any CPU
		{D59C613D-952B-44D7-A344-BB3CEE3E41F9}.Debug|Any CPU.Deploy.0 = Debug|Any CPU
		{D59C613D-952B-44D7-A344-BB3CEE3E41F9}.Release|Any CPU.ActiveCfg = Release|Any CPU
		{D59C613D-952B-44D7-A344-BB3CEE3E41F9}.Release|Any CPU.Build.0 = Release|Any CPU
		{D59C613D-952B-44D7-A344-BB3CEE3E41F9}.Release|Any CPU.Deploy.0 = Release|Any CPU
	EndGlobalSection
	GlobalSection(SolutionProperties) = preSolution
		HideSolutionNode = FALSE
	EndGlobalSection
	GlobalSection(ExtensibilityGlobals) = postSolution
		SolutionGuid = {3D4B446B-1AA5-4C90-8A5C-4B468A16C495}
	EndGlobalSection
EndGlobal
