{
  "version": 1,
  "dependencies": {
    ".NETnanoFramework,Version=v1.0": {
      "nanoFramework.CoreLibrary": {
        "type": "Direct",
        "requested": "[1.17.11, 1.17.11]",
        "resolved": "1.17.11",
        "contentHash": "HezzAc0o2XrSGf85xSeD/6xsO6ohF9hX6/iMQ1IZS6Zw6umr4WfAN2Jv0BrPxkaYwzEegJxxZujkHoUIAqtOMw=="
      },
      "nanoFramework.Iot.Device.Button": {
        "type": "Direct",
        "requested": "[1.2.931, 1.2.931]",
        "resolved": "1.2.931",
        "contentHash": "K2zdMf97qSxvuPECViSvMG1fM13BqBYAQ60k6asCN9S0J3Ibd580H6E3P7bdyHXkJMYUe986SSUMHt5GquBhfg=="
      },
      "nanoFramework.Iot.Device.Buzzer": {
        "type": "Direct",
        "requested": "[1.2.931, 1.2.931]",
        "resolved": "1.2.931",
        "contentHash": "kHcsXVlsfXi4Gvnl93et5dCIm9pB6fOcuQx81u92s558CPkTZBjGwpEZi5n3bMemATyCwS03VoKDfwLURgbM0g=="
      },
      "nanoFramework.Iot.Device.DCMotor": {
        "type": "Direct",
        "requested": "[1.2.931, 1.2.931]",
        "resolved": "1.2.931",
        "contentHash": "hKEmkBB8j+6CtSfXBAWv0c/mhQhaUDoKD3zhe43ewP8XAoktCoHx9l/nAu66O5Laa+1yQyrCw0kr93g5F4g5oA=="
      },
      "nanoFramework.Iot.Device.ServoMotor": {
        "type": "Direct",
        "requested": "[1.2.907, 1.2.907]",
        "resolved": "1.2.907",
        "contentHash": "Wy8dxXmLVa5/NG0aiZqmnxl94A76+l80sPFmZSlVrPMdr0WOA1/jnxA1Dl0DCZ3KLaPpqaVUqy+fogmDa3RGfA=="
      },
      "nanoFramework.Iot.Device.Ssd13xx": {
        "type": "Direct",
        "requested": "[1.3.721, 1.3.721]",
        "resolved": "1.3.721",
        "contentHash": "Uzjey17dFDtYC6OWL5ANfmKj7+BgK5u3z1WX39A33Wr/JNyD6EhwBuigQu+ISKY/mZtaKo4WFI8lNOGabo1bTg=="
      },
      "nanoFramework.Runtime.Events": {
        "type": "Direct",
        "requested": "[1.11.32, 1.11.32]",
        "resolved": "1.11.32",
        "contentHash": "NyLUIwJDlpl5VKSd+ljmdDtO2WHHBvPvruo1ccaL+hd79z+6XMYze1AccOVXKGiZenLBCwDmFHwpgIQyHkM7GA=="
      },
      "nanoFramework.System.Device.Adc": {
        "type": "Direct",
        "requested": "[1.1.24, 1.1.24]",
        "resolved": "1.1.24",
        "contentHash": "+XmiX6hJTaErz0rfxosO16jfImL/k4YMx7PK12GKpTaeu4JcZDTHAyhRfSxUVT3EPw0JxfVbjUgw6dh4EWoQLQ=="
      },
      "nanoFramework.System.Device.Gpio": {
        "type": "Direct",
        "requested": "[1.1.57, 1.1.57]",
        "resolved": "1.1.57",
        "contentHash": "Es7jHRrT/+0Ty9uJNzJUcTn+aCpjkxXnmsaM+g9HXvLZ8k4SDCCqmO9pT317nX+9ehmgGo2JKrtmkekgbOp+Pw=="
      },
      "nanoFramework.System.Device.I2c": {
        "type": "Direct",
        "requested": "[1.1.29, 1.1.29]",
        "resolved": "1.1.29",
        "contentHash": "q8duNVWeK3RCiTmTZiO1UWr7s9HMsLnKWm5utxy9OQWeQtlh00l5CoFKxjot42s1NY5zLmfq7p7oWM/fgNEtlA=="
      },
      "nanoFramework.System.Device.Model": {
        "type": "Direct",
        "requested": "[1.2.862, 1.2.862]",
        "resolved": "1.2.862",
        "contentHash": "dARhyb8BHkje2P+7VphJpRLynVhMkC0U4pFNecLs6jw8DHRMMJyszcbgo/N0ALeYjilNk9hea+wzBLFrgZpsUQ=="
      },
      "nanoFramework.System.Device.Pwm": {
        "type": "Direct",
        "requested": "[1.1.23, 1.1.23]",
        "resolved": "1.1.23",
        "contentHash": "Z0jRgHqnEKI8k7jGFiYCsMcXv2r0vHV0MY0tqTAUIxIEwQ5BbnUf0Gyr481Wh25bAkwJ9p/PwfhPJbjPAY65Bw=="
      },
      "nanoFramework.System.Math": {
        "type": "Direct",
        "requested": "[1.5.116, 1.5.116]",
        "resolved": "1.5.116",
        "contentHash": "0S05UKcoI9Ukz9cMNPC9huFW9vSL42/4gIh4fw8ou8HkcFmTYb0OL8VF2Ah94hEDW5mqcYAVr0ipuGWPzIRqaA=="
      },
      "nanoFramework.System.Threading": {
        "type": "Direct",
        "requested": "[1.1.52, 1.1.52]",
        "resolved": "1.1.52",
        "contentHash": "kv+US/+7QKV1iT/snxBh032vwZ+3krJ4vujlSsvmS2nNj/nK64R3bq/ST3bCFquxHDD0mog8irtCBCsFazr4kA=="
      },
      "UnitsNet.nanoFramework.Frequency": {
        "type": "Direct",
        "requested": "[5.75.0, 5.75.0]",
        "resolved": "5.75.0",
        "contentHash": "xNuseuWitH34lCCac7SyuZWAZV8Nw5XHpFBK7mnHkpLFW6G9+eDEtDFqoZ5niPPJitUds6oo9BJ1WkrZsRJmNg=="
      }
    }
  }
}