{
  "version": 1,
  "dependencies": {
    ".NETnanoFramework,Version=v1.0": {
      "nanoFramework.CoreLibrary": {
        "type": "Direct",
        "requested": "[1.14.2, 1.14.2]",
        "resolved": "1.14.2",
        "contentHash": "j1mrz4mitl5LItvmHMsw1aHzCAfvTTgIkRxA0mhs5mSpctJ/BBcuNwua5j3MspfRNKreCQPy/qZy/D9ADLL/PA=="
      },
      "nanoFramework.Iot.Device.Button": {
        "type": "Direct",
        "requested": "[1.2.313, 1.2.313]",
        "resolved": "1.2.313",
        "contentHash": "YezJoKPIij0GbyHMBVQDqH5ZfOtyExUgKpUXAXlyaUmT1ObfGuO4TPdki654LGfCrFqmgiyxK7/Dnv5bTNZpdA=="
      },
      "nanoFramework.Iot.Device.Buzzer": {
        "type": "Direct",
        "requested": "[1.2.313, 1.2.313]",
        "resolved": "1.2.313",
        "contentHash": "TtuIxOZrvZ9VXN1wSeaLSumRHjanAGuZvYjy1UYAJwbESnzNw1l9pT69acizOyrIrwfAmrnMpZQaHshUmRadQg=="
      },
      "nanoFramework.Iot.Device.DCMotor": {
        "type": "Direct",
        "requested": "[1.2.313, 1.2.313]",
        "resolved": "1.2.313",
        "contentHash": "EDgdZJre6DOEKtC4yMSQUXjE8GNdMsCGonQ2+DlAahAaF3w5aAh2s+BOhOp8L0GWOPnvmFeeoGU5SOwHd3Tk5g=="
      },
      "nanoFramework.Iot.Device.ServoMotor": {
        "type": "Direct",
        "requested": "[1.2.313, 1.2.313]",
        "resolved": "1.2.313",
        "contentHash": "PmqWLQYRcePVQ6DM/uknkjpq99W8Hm1oTDYmQyk6ydRX6aeiLJ4eVS1Jcg1mNWxHkForPaBRKlNGzSB3BDW6zA=="
      },
      "nanoFramework.Iot.Device.Ssd13xx": {
        "type": "Direct",
        "requested": "[1.3.130, 1.3.130]",
        "resolved": "1.3.130",
        "contentHash": "xKYUcqieGbh2NsVDUM5MiJ/It9AER/clP5aHPH1H5zGKUXw4ibMOqZGvcbcE0BKiWIGnAa2MeSPlyTQ6JkwvKQ=="
      },
      "nanoFramework.Runtime.Events": {
        "type": "Direct",
        "requested": "[1.11.6, 1.11.6]",
        "resolved": "1.11.6",
        "contentHash": "xkltRh/2xKaZ9zmPHbVr32s1k+e17AInUBhzxKKkUDicJKF39yzTShSklb1OL6DBER5z71SpkGLyl9IdMK9l6w=="
      },
      "nanoFramework.System.Device.Adc": {
        "type": "Direct",
        "requested": "[1.1.6, 1.1.6]",
        "resolved": "1.1.6",
        "contentHash": "gE1ZNlvFr4QR9XUO1Od53DtJOMMkFBJmN77QG2H2vhDWZwrO/f1/2CK+3rQ1bnhbIjY039B8/cSvnCNAskae6A=="
      },
      "nanoFramework.System.Device.Gpio": {
        "type": "Direct",
        "requested": "[1.1.28, 1.1.28]",
        "resolved": "1.1.28",
        "contentHash": "G/l2hkWAwQoMsCHJUK0iZsavYjKykewOXlLF1+fDUylOuBvoHo/iY5Lec+sAnJ3WMcoY2Uo6miYrCMI07g59Tg=="
      },
      "nanoFramework.System.Device.I2c": {
        "type": "Direct",
        "requested": "[1.1.11, 1.1.11]",
        "resolved": "1.1.11",
        "contentHash": "zV9CfXGTzTV8C+5SSBF5w6wZK4zcZeDtgv0XtXkkCEx8Z4woICsD+9me6YQEYz6IKQKoRAw6VEaQMScqs0b0mQ=="
      },
      "nanoFramework.System.Device.Model": {
        "type": "Direct",
        "requested": "[1.2.325, 1.2.325]",
        "resolved": "1.2.325",
        "contentHash": "0g0ohwuDmBIKm3hycmCnGZC/d/mYhAl2GPMMRcLhcnQJWNeDBvMe3hJlUBpo36tgjfrjniF11n+HkvGy4DzJ5Q=="
      },
      "nanoFramework.System.Device.Pwm": {
        "type": "Direct",
        "requested": "[1.1.6, 1.1.6]",
        "resolved": "1.1.6",
        "contentHash": "HAEZ1fJjvWzl8dxTUp1KtI5JmhaQyHd4VHOG0rYvDaK8Sz9Aa3+PFm3cozuNJ+WUU5MYWU6tsABOabYukNVPqw=="
      },
      "nanoFramework.System.Math": {
        "type": "Direct",
        "requested": "[1.5.29, 1.5.29]",
        "resolved": "1.5.29",
        "contentHash": "PyufZzrtDA7HKCbrbOEbqDhaWK5vflJmAi7RJ+a4cPLMmO9cSWc0dUbylMg6Wxg7Ggu1VmcPqfCIZPFHbx5/2A=="
      },
      "nanoFramework.System.Threading": {
        "type": "Direct",
        "requested": "[1.1.19, 1.1.19]",
        "resolved": "1.1.19",
        "contentHash": "HjnY0DNoFnU+t1GiH8Wgf7pJCD9yMOcLVtAZXVAhstMKisVN/MDj9TvfXxZScRIz7ZDoZYUnb+Ixfl6rqyppvA=="
      },
      "UnitsNet.nanoFramework.Frequency": {
        "type": "Direct",
        "requested": "[5.15.0, 5.15.0]",
        "resolved": "5.15.0",
        "contentHash": "emfT7GInRhw7MJ6OpOddnctMmOPc2JN3q9QKCYKly4IPon9Ulz+bZlhoo+xlPtK5iaSji8AZdZGRRyM3AJzpVg=="
      }
    }
  }
}