{
  "version": 1,
  "dependencies": {
    ".NETnanoFramework,Version=v1.0": {
      "nanoFramework.CoreLibrary": {
        "type": "Direct",
        "requested": "[1.17.11, 1.17.11]",
        "resolved": "1.17.11",
        "contentHash": "HezzAc0o2XrSGf85xSeD/6xsO6ohF9hX6/iMQ1IZS6Zw6umr4WfAN2Jv0BrPxkaYwzEegJxxZujkHoUIAqtOMw=="
      },
      "nanoFramework.Hardware.Esp32": {
        "type": "Direct",
        "requested": "[1.6.34, 1.6.34]",
        "resolved": "1.6.34",
        "contentHash": "foKyzG0ZjHyZzzfLh/To5/2G+3EWeKqKFbkdpF310w2EE3RMcH+Rf9JM+GW8HEdmTRzIOcBQQm4S37VBJwP54Q=="
      },
      "nanoFramework.Iot.Device.Button": {
        "type": "Direct",
        "requested": "[1.2.864, 1.2.864]",
        "resolved": "1.2.864",
        "contentHash": "rRqALJZ2R4f8nZLIndZfAd8QbNzcg5G0XxsX3R/om3IlbMPSGmvV2YMHcX6NDD1Qbqd9Tmk7lmTeL+3HSD97Qg=="
      },
      "nanoFramework.Iot.Device.Buzzer": {
        "type": "Direct",
        "requested": "[1.2.869, 1.2.869]",
        "resolved": "1.2.869",
        "contentHash": "bsvvN8N/mbPJroMPyEf5mcMA7yjQU7rZWygwwO/wnJG9WYXhZjhEfgaRu4bjh/PXnKEbQqTNYz6lwPRn3QisoA=="
      },
      "nanoFramework.Iot.Device.DCMotor": {
        "type": "Direct",
        "requested": "[1.2.864, 1.2.864]",
        "resolved": "1.2.864",
        "contentHash": "irS5yw6wRWasVl3kROrtE+v49ciAP6tbWUL1p7lCiYHrSHhkoKCn1S3WA7uvN6EKYx+AmRyd6n0AsQXDbd/uTA=="
      },
      "nanoFramework.Iot.Device.ServoMotor": {
        "type": "Direct",
        "requested": "[1.2.864, 1.2.864]",
        "resolved": "1.2.864",
        "contentHash": "4gD56I5mv7G+1UJWRX19/puNzKBcgdM+7EBK1Kl+yLRPuZSVjd2va4q7L2nGWSs0wxgkg170bXYwy1DiLu5Mdg=="
      },
      "nanoFramework.Iot.Device.Ssd13xx": {
        "type": "Direct",
        "requested": "[1.3.689, 1.3.689]",
        "resolved": "1.3.689",
        "contentHash": "ybDufpq/iuecWgcXiR/FW6I793BEryUfnYxqiOUx0ZLJII4lhc1VK/e+GuSp6YpnBccjiHJLSEk+MTua4mPQbQ=="
      },
      "nanoFramework.Runtime.Events": {
        "type": "Direct",
        "requested": "[1.11.32, 1.11.32]",
        "resolved": "1.11.32",
        "contentHash": "NyLUIwJDlpl5VKSd+ljmdDtO2WHHBvPvruo1ccaL+hd79z+6XMYze1AccOVXKGiZenLBCwDmFHwpgIQyHkM7GA=="
      },
      "nanoFramework.System.Device.Adc": {
        "type": "Direct",
        "requested": "[1.1.24, 1.1.24]",
        "resolved": "1.1.24",
        "contentHash": "+XmiX6hJTaErz0rfxosO16jfImL/k4YMx7PK12GKpTaeu4JcZDTHAyhRfSxUVT3EPw0JxfVbjUgw6dh4EWoQLQ=="
      },
      "nanoFramework.System.Device.Gpio": {
        "type": "Direct",
        "requested": "[1.1.57, 1.1.57]",
        "resolved": "1.1.57",
        "contentHash": "Es7jHRrT/+0Ty9uJNzJUcTn+aCpjkxXnmsaM+g9HXvLZ8k4SDCCqmO9pT317nX+9ehmgGo2JKrtmkekgbOp+Pw=="
      },
      "nanoFramework.System.Device.I2c": {
        "type": "Direct",
        "requested": "[1.1.29, 1.1.29]",
        "resolved": "1.1.29",
        "contentHash": "q8duNVWeK3RCiTmTZiO1UWr7s9HMsLnKWm5utxy9OQWeQtlh00l5CoFKxjot42s1NY5zLmfq7p7oWM/fgNEtlA=="
      },
      "nanoFramework.System.Device.Model": {
        "type": "Direct",
        "requested": "[1.2.862, 1.2.862]",
        "resolved": "1.2.862",
        "contentHash": "dARhyb8BHkje2P+7VphJpRLynVhMkC0U4pFNecLs6jw8DHRMMJyszcbgo/N0ALeYjilNk9hea+wzBLFrgZpsUQ=="
      },
      "nanoFramework.System.Device.Pwm": {
        "type": "Direct",
        "requested": "[1.1.23, 1.1.23]",
        "resolved": "1.1.23",
        "contentHash": "Z0jRgHqnEKI8k7jGFiYCsMcXv2r0vHV0MY0tqTAUIxIEwQ5BbnUf0Gyr481Wh25bAkwJ9p/PwfhPJbjPAY65Bw=="
      },
      "nanoFramework.System.Math": {
        "type": "Direct",
        "requested": "[1.5.116, 1.5.116]",
        "resolved": "1.5.116",
        "contentHash": "0S05UKcoI9Ukz9cMNPC9huFW9vSL42/4gIh4fw8ou8HkcFmTYb0OL8VF2Ah94hEDW5mqcYAVr0ipuGWPzIRqaA=="
      },
      "Nerdbank.GitVersioning": {
        "type": "Direct",
        "requested": "[3.7.115, 3.7.115]",
        "resolved": "3.7.115",
        "contentHash": "EpXamaAdRfG/BMxGgvZlTM0npRnkmXUjAj8OdNKd17t4oN+2nvjdv/KnFmzOOMDqvlwB49UCwtOHJrAQTfUBtQ=="
      },
      "UnitsNet.nanoFramework.Frequency": {
        "type": "Direct",
        "requested": "[5.75.0, 5.75.0]",
        "resolved": "5.75.0",
        "contentHash": "xNuseuWitH34lCCac7SyuZWAZV8Nw5XHpFBK7mnHkpLFW6G9+eDEtDFqoZ5niPPJitUds6oo9BJ1WkrZsRJmNg=="
      }
    }
  }
}