{
  "version": 1,
  "dependencies": {
    ".NETnanoFramework,Version=v1.0": {
      "nanoFramework.CoreLibrary": {
        "type": "Direct",
        "requested": "[1.14.2, 1.14.2]",
        "resolved": "1.14.2",
        "contentHash": "j1mrz4mitl5LItvmHMsw1aHzCAfvTTgIkRxA0mhs5mSpctJ/BBcuNwua5j3MspfRNKreCQPy/qZy/D9ADLL/PA=="
      },
      "nanoFramework.Hardware.Esp32": {
        "type": "Direct",
        "requested": "[1.6.1, 1.6.1]",
        "resolved": "1.6.1",
        "contentHash": "5DaDnXCVDJBevR7UB74SXfZvPbC4VfVyi2yTBY/r4hts+K3NbyyJEGpOcy0ZnT8RUEhNHr5XSpUcYTHPoOrP7A=="
      },
      "nanoFramework.Iot.Device.Button": {
        "type": "Direct",
        "requested": "[1.2.215, 1.2.215]",
        "resolved": "1.2.215",
        "contentHash": "frV+pbDp0mDSxp9yubRv9wpX9BRLkO2SkSDj3boXnzsypEMM9cyEhNA/VS74KBF3DT7VsNQZLGweUJXobXcasg=="
      },
      "nanoFramework.Iot.Device.Buzzer": {
        "type": "Direct",
        "requested": "[1.2.267, 1.2.267]",
        "resolved": "1.2.267",
        "contentHash": "Y6KZ6g+278VD4anmyiDgNUdMZXLPS1p7Iu0cEDoWYy1sdWoNUwVR+smjxDB1Yco/JlKJcxT/J+3jsv2En5SdBw=="
      },
      "nanoFramework.Iot.Device.DCMotor": {
        "type": "Direct",
        "requested": "[1.2.203, 1.2.203]",
        "resolved": "1.2.203",
        "contentHash": "sZmwsVHNiObGSXoT4XuQJ3G86/cRCa38TI9rg6MSUNwQvrl4Sz9US6W8PAI4kZ1vizfdhEJuue2pSrzWYW8Yiw=="
      },
      "nanoFramework.Iot.Device.ServoMotor": {
        "type": "Direct",
        "requested": "[1.2.203, 1.2.203]",
        "resolved": "1.2.203",
        "contentHash": "TAY8pAOnbbSkPlvsZrZr12HnIyxA4MIi347hd99FXgiGl7xwA3LWFHEYZZrWFnuGKP9QEdj2SxdhngddwXNogA=="
      },
      "nanoFramework.Iot.Device.Ssd13xx": {
        "type": "Direct",
        "requested": "[1.3.83, 1.3.83]",
        "resolved": "1.3.83",
        "contentHash": "ZWE6Wz/IsLUAPJ5SyrN68b6SGH25b0f97BHVWm2ND6oQqTTqRgeYM86ObUejT1y6LApUztaJS1IQmQflZ9av3A=="
      },
      "nanoFramework.Runtime.Events": {
        "type": "Direct",
        "requested": "[1.11.6, 1.11.6]",
        "resolved": "1.11.6",
        "contentHash": "xkltRh/2xKaZ9zmPHbVr32s1k+e17AInUBhzxKKkUDicJKF39yzTShSklb1OL6DBER5z71SpkGLyl9IdMK9l6w=="
      },
      "nanoFramework.System.Device.Adc": {
        "type": "Direct",
        "requested": "[1.1.6, 1.1.6]",
        "resolved": "1.1.6",
        "contentHash": "gE1ZNlvFr4QR9XUO1Od53DtJOMMkFBJmN77QG2H2vhDWZwrO/f1/2CK+3rQ1bnhbIjY039B8/cSvnCNAskae6A=="
      },
      "nanoFramework.System.Device.Gpio": {
        "type": "Direct",
        "requested": "[1.1.28, 1.1.28]",
        "resolved": "1.1.28",
        "contentHash": "G/l2hkWAwQoMsCHJUK0iZsavYjKykewOXlLF1+fDUylOuBvoHo/iY5Lec+sAnJ3WMcoY2Uo6miYrCMI07g59Tg=="
      },
      "nanoFramework.System.Device.I2c": {
        "type": "Direct",
        "requested": "[1.1.9, 1.1.9]",
        "resolved": "1.1.9",
        "contentHash": "ufBbB/mtkaxDrPCP1JfzUmPQkrJaXGSTuOfvRL/gl46ZP+PIFmO6wuaF+RNU1jL4sgKTKx8uNe+FakIrTpLABA=="
      },
      "nanoFramework.System.Device.Model": {
        "type": "Direct",
        "requested": "[1.2.216, 1.2.216]",
        "resolved": "1.2.216",
        "contentHash": "j10+Y5KT+f0p7czUA+sJhvVYfJBu7D3cfFiXAsx0bUgBn53J87cda3AeXukU0U0sXhhNWGmmz3XWBS/qMCL9eg=="
      },
      "nanoFramework.System.Device.Pwm": {
        "type": "Direct",
        "requested": "[1.1.6, 1.1.6]",
        "resolved": "1.1.6",
        "contentHash": "HAEZ1fJjvWzl8dxTUp1KtI5JmhaQyHd4VHOG0rYvDaK8Sz9Aa3+PFm3cozuNJ+WUU5MYWU6tsABOabYukNVPqw=="
      },
      "nanoFramework.System.Math": {
        "type": "Direct",
        "requested": "[1.5.29, 1.5.29]",
        "resolved": "1.5.29",
        "contentHash": "PyufZzrtDA7HKCbrbOEbqDhaWK5vflJmAi7RJ+a4cPLMmO9cSWc0dUbylMg6Wxg7Ggu1VmcPqfCIZPFHbx5/2A=="
      },
      "Nerdbank.GitVersioning": {
        "type": "Direct",
        "requested": "[3.5.119, 3.5.119]",
        "resolved": "3.5.119",
        "contentHash": "x8k4zV6YKZA5Rr810439lG9NngdbyPtFv0QpIYz32m1Im59kvSbEHO8gKGZoNvsfZSquayjEDUCa8acbut372g=="
      },
      "UnitsNet.nanoFramework.Frequency": {
        "type": "Direct",
        "requested": "[5.9.0, 5.9.0]",
        "resolved": "5.9.0",
        "contentHash": "SDUx8wFvqkqXU8x4qqRmCi/KEfoc+2J62lqQrHk5H0p0GPfB90o1wNiRK99Ullnv7s/PCq/yGAL2f9bjDzEzeg=="
      }
    }
  }
}