{
  "version": 1,
  "dependencies": {
    ".NETnanoFramework,Version=v1.0": {
      "nanoFramework.CoreLibrary": {
        "type": "Direct",
        "requested": "[1.15.5, 1.15.5]",
        "resolved": "1.15.5",
        "contentHash": "u2+GvAp1uxLrGdILACAZy+EVKOs28EQ52j8Lz7599egXZ3GBGejjnR2ofhjMQwzrJLlgtyrsx8nSLngDfJNsAg=="
      },
      "nanoFramework.Hardware.Esp32": {
        "type": "Direct",
        "requested": "[1.6.15, 1.6.15]",
        "resolved": "1.6.15",
        "contentHash": "6rHNyfZ2mHEq5Kwwx4Xpf3IezTQxfSrI159CKiG4MxQZi8E0VPrRLbyUIXDrNBiz0/VCmeBAKpqv9foJmixCLA=="
      },
      "nanoFramework.Iot.Device.Button": {
        "type": "Direct",
        "requested": "[1.2.548, 1.2.548]",
        "resolved": "1.2.548",
        "contentHash": "t2/x6X6/Sz6k5pXdGUaXc8iGZ0qRHJB64IknxgkwvPWykoweN0YUDlD7vtmiV1uhdp7T4fWOam+5MvbNuo1UkA=="
      },
      "nanoFramework.Iot.Device.Buzzer": {
        "type": "Direct",
        "requested": "[1.2.536, 1.2.536]",
        "resolved": "1.2.536",
        "contentHash": "Q4UztijPkETUcjkzG+G8wZB69Xm18MNI2+eCisZFDAe9RfTU/x/BGR5Y6m7pciSLV0zYi0EHrIZtNR+MoEcW6w=="
      },
      "nanoFramework.Iot.Device.DCMotor": {
        "type": "Direct",
        "requested": "[1.2.548, 1.2.548]",
        "resolved": "1.2.548",
        "contentHash": "d9wD229b+/d8pGteUt+pBzSjkGiJxFECBcRt67X5lMXVH1v7ggSfLuPBNfNCvBnOTOIeqBc1NJZgHQ6j1bp2Tg=="
      },
      "nanoFramework.Iot.Device.ServoMotor": {
        "type": "Direct",
        "requested": "[1.2.436, 1.2.436]",
        "resolved": "1.2.436",
        "contentHash": "rzPz0iw9fI0A1zQUqWUMPfGOuLYdTH5qKOM403HAIO8mZ717QlADisEVro3AxzrrmBJ3oEnbm3EAJhHbaMBCTw=="
      },
      "nanoFramework.Iot.Device.Ssd13xx": {
        "type": "Direct",
        "requested": "[1.3.362, 1.3.362]",
        "resolved": "1.3.362",
        "contentHash": "JM61HoDp0Yc6RpCpX+Z6Ttd+18rBBbsUVQKhOh3ytL/H3nHVWQ+svnNB8d4VCxq4y/LMoSItarpZIW1quKfO/g=="
      },
      "nanoFramework.Runtime.Events": {
        "type": "Direct",
        "requested": "[1.11.18, 1.11.18]",
        "resolved": "1.11.18",
        "contentHash": "t0XpUkdyBBBv/0S4oGx3yUJG1iPYWc38odvZW8mVoioSxZOJrRkRHpNfwYxTxtP4LIEyyesOPEH42d05FHfHzA=="
      },
      "nanoFramework.System.Device.Adc": {
        "type": "Direct",
        "requested": "[1.1.11, 1.1.11]",
        "resolved": "1.1.11",
        "contentHash": "BlFm2MR2Os6ab++EnW6RiZ4860F1ge48mSBbqsqVXnP5xvkfE03Hop4TyqTHWQbLFKcubCc5CMkH9xxuABR6UQ=="
      },
      "nanoFramework.System.Device.Gpio": {
        "type": "Direct",
        "requested": "[1.1.38, 1.1.38]",
        "resolved": "1.1.38",
        "contentHash": "t2em7yn9sZpWWj52Xh4f4JjzUQX8/UB7C+XMnMiSGileGhRg86IwszA5/0bGUgc/dKC/AYRSqraPiEB0Q6jhBA=="
      },
      "nanoFramework.System.Device.I2c": {
        "type": "Direct",
        "requested": "[1.1.16, 1.1.16]",
        "resolved": "1.1.16",
        "contentHash": "33YPnlZVjFwx0mOhdKTOggx+TvbjTD3WZ6rkSB33ytF9fHoqfvS1AYr4+ScUHW4z2yE7vxVWBol5mI7iEg4Aiw=="
      },
      "nanoFramework.System.Device.Model": {
        "type": "Direct",
        "requested": "[1.2.418, 1.2.418]",
        "resolved": "1.2.418",
        "contentHash": "Pnl/YJzaQXlls0Cmg4E9r27mpW5+/paVrn1mYYEe0/CqWLOOfJ63FPVJ0eOxN3DRixA2RkNa5wDZjD3r9ARuKw=="
      },
      "nanoFramework.System.Device.Pwm": {
        "type": "Direct",
        "requested": "[1.1.10, 1.1.10]",
        "resolved": "1.1.10",
        "contentHash": "vk/Dr8No2ec+eBwwufxDK0Rm6BRnOoevjaqEXbvpFz2BK3UPiC4OhUWH3Rwel34rywg1mXozAAY9ZwvN2gnxlA=="
      },
      "nanoFramework.System.Math": {
        "type": "Direct",
        "requested": "[1.5.43, 1.5.43]",
        "resolved": "1.5.43",
        "contentHash": "JEOEGHoIpknJFwPjjz77sT5mej2PiT7JTv59jabzFf+d8XYy8Z4SH+NdX00Xc/yDS8LIPuWb7+C245XGUUx99A=="
      },
      "Nerdbank.GitVersioning": {
        "type": "Direct",
        "requested": "[3.6.133, 3.6.133]",
        "resolved": "3.6.133",
        "contentHash": "VZWMd5YAeDxpjWjAP/X6bAxnRMiEf6tES/ITN0X5CHJgkWLLeHGmEALivmTAfYM6P+P/3Szy6VCITUAkqjcHVw=="
      },
      "UnitsNet.nanoFramework.Frequency": {
        "type": "Direct",
        "requested": "[5.50.0, 5.50.0]",
        "resolved": "5.50.0",
        "contentHash": "TZZNP0X8J/DK9niutjGgltg+x5euxf5AxhUtkdnLE/Qrm63HDWdlEUIbWEQaWtti00zruO6qWrf55X3QP9mrqw=="
      }
    }
  }
}